dependencies:
- name: redis
  repository: https://charts.bitnami.com/bitnami
  version: 19.5.4
- name: common
  repository: https://charts.bitnami.com/bitnami
  version: 2.20.3
digest: sha256:1c7a897f1433fcfac2a32b7bc62ca08b2429d5624d9b3f741833e4bc24ed0019
generated: "2024-06-18T04:04:41.221696029Z"
