dependencies:
- name: redis
  repository: https://charts.bitnami.com/bitnami
  version: 20.13.0
- name: common
  repository: https://charts.bitnami.com/bitnami
  version: 2.30.0
digest: sha256:5c3f47e552e77cda9a7443d8a30f28de9d19b9c825e46420365e090ad50cb53d
generated: "2025-04-23T04:03:54.705210232Z"
