dependencies:
- name: redis
  repository: oci://registry-1.docker.io/bitnamicharts
  version: 22.0.7
- name: common
  repository: oci://registry-1.docker.io/bitnamicharts
  version: 2.31.4
digest: sha256:b690403f6a102b4af4f449cbd6c6c063febb484fe61186bf81f9cb206e437936
generated: "2025-09-03T04:05:52.251445395Z"
